{
  "name": "semestre2",
  "version": "1.0.0",
  "lockfileVersion": 2,
  "requires": true,
  "packages": {
    "": {
      "name": "semestre2",
      "version": "1.0.0",
      "license": "ISC",
      "dependencies": {
        "tempo-atras-pt-br": "^1.0.5"
      }
    },
    "node_modules/tempo-atras-pt-br": {
      "version": "1.0.5",
      "resolved": "https://registry.npmjs.org/tempo-atras-pt-br/-/tempo-atras-pt-br-1.0.5.tgz",
      "integrity": "sha512-ri88uwqI8tpk4gO7f+1KBHbpwqrw/EPOo0oLBUk3fEBzqJC7ZDTxE45RZzOkwdRqK0NEeje8Gg9Fwj1ELWDurw=="
    }
  },
  "dependencies": {
    "tempo-atras-pt-br": {
      "version": "1.0.5",
      "resolved": "https://registry.npmjs.org/tempo-atras-pt-br/-/tempo-atras-pt-br-1.0.5.tgz",
      "integrity": "sha512-ri88uwqI8tpk4gO7f+1KBHbpwqrw/EPOo0oLBUk3fEBzqJC7ZDTxE45RZzOkwdRqK0NEeje8Gg9Fwj1ELWDurw=="
    }
  }
}
